
Microsoft Visual Studio Solution File, Format Version 12.00
# Visual Studio Version 16
VisualStudioVersion = 16.0.31624.102
MinimumVisualStudioVersion = 10.0.40219.1
Project("{FAE04EC0-301F-11D3-BF4B-00C04F79EFBC}") = "Lucky_FabianaPadilla", "Lucky_FabianaPadilla\Lucky_FabianaPadilla.csproj", "{4344712F-040B-4CAA-A518-61A385B34525}"
EndProject
Global
	GlobalSection(SolutionConfigurationPlatforms) = preSolution
		Debug|Any CPU = Debug|Any CPU
		Release|Any CPU = Release|Any CPU
	EndGlobalSection
	GlobalSection(ProjectConfigurationPlatforms) = postSolution
		{4344712F-040B-4CAA-A518-61A385B34525}.Debug|Any CPU.ActiveCfg = Debug|Any CPU
		{4344712F-040B-4CAA-A518-61A385B34525}.Debug|Any CPU.Build.0 = Debug|Any CPU
		{4344712F-040B-4CAA-A518-61A385B34525}.Release|Any CPU.ActiveCfg = Release|Any CPU
		{4344712F-040B-4CAA-A518-61A385B34525}.Release|Any CPU.Build.0 = Release|Any CPU
	EndGlobalSection
	GlobalSection(SolutionProperties) = preSolution
		HideSolutionNode = FALSE
	EndGlobalSection
	GlobalSection(ExtensibilityGlobals) = postSolution
		SolutionGuid = {081392AE-3295-4DC5-8632-401A36AEB9A4}
	EndGlobalSection
EndGlobal
